// !$*UTF8*$!
{
	archiveVersion = 1;
	classes = {
	};
	objectVersion = 60;
	objects = {
		/* Begin PBXBuildFile section */
		001A2C00000001 /* SignVerseApp.swift in Sources */ = {isa = PBXBuildFile; fileRef = 001A2C01000001; };
		001A2C02000001 /* ContentView.swift in Sources */ = {isa = PBXBuildFile; fileRef = 001A2C03000001; };
		001A2C04000001 /* BiometricConsentView.swift in Sources */ = {isa = PBXBuildFile; fileRef = 001A2C05000001; };
		001A2C06000001 /* ConsentManager.swift in Sources */ = {isa = PBXBuildFile; fileRef = 001A2C07000001; };
		001A2C08000001 /* HandPoseDetector.swift in Sources */ = {isa = PBXBuildFile; fileRef = 001A2C09000001; };
		001A2C0A000001 /* CameraView.swift in Sources */ = {isa = PBXBuildFile; fileRef = 001A2C0B000001; };
		001A2C0C000001 /* VideoPlayerView.swift in Sources */ = {isa = PBXBuildFile; fileRef = 001A2C0D000001; };
		001A2C0E000001 /* PracticeView.swift in Sources */ = {isa = PBXBuildFile; fileRef = 001A2C0F000001; };
		/* End PBXBuildFile section */

		/* Begin PBXFileReference section */
		001A2C00000002 /* SignVerse.app */ = {isa = PBXFileReference; explicitFileType = wrapper.application; includeInIndex = 0; path = SignVerse.app; sourceTree = BUILT_PRODUCTS_DIR; };
		001A2C01000001 /* SignVerseApp.swift */ = {isa = PBXFileReference; lastKnownFileType = sourcecode.swift; path = SignVerseApp.swift; sourceTree = "<group>"; };
		001A2C03000001 /* ContentView.swift */ = {isa = PBXFileReference; lastKnownFileType = sourcecode.swift; path = ContentView.swift; sourceTree = "<group>"; };
		001A2C05000001 /* BiometricConsentView.swift */ = {isa = PBXFileReference; lastKnownFileType = sourcecode.swift; path = BiometricConsentView.swift; sourceTree = "<group>"; };
		001A2C07000001 /* ConsentManager.swift */ = {isa = PBXFileReference; lastKnownFileType = sourcecode.swift; path = ConsentManager.swift; sourceTree = "<group>"; };
		001A2C09000001 /* HandPoseDetector.swift */ = {isa = PBXFileReference; lastKnownFileType = sourcecode.swift; path = HandPoseDetector.swift; sourceTree = "<group>"; };
		001A2C0B000001 /* CameraView.swift */ = {isa = PBXFileReference; lastKnownFileType = sourcecode.swift; path = CameraView.swift; sourceTree = "<group>"; };
		001A2C0D000001 /* VideoPlayerView.swift */ = {isa = PBXFileReference; lastKnownFileType = sourcecode.swift; path = VideoPlayerView.swift; sourceTree = "<group>"; };
		001A2C0F000001 /* PracticeView.swift */ = {isa = PBXFileReference; lastKnownFileType = sourcecode.swift; path = PracticeView.swift; sourceTree = "<group>"; };
		/* End PBXFileReference section */

		/* Begin PBXFrameworksBuildPhase section */
		001A2C00000003 /* Frameworks */ = {
			isa = PBXFrameworksBuildPhase;
			buildActionMask = 2147483647;
			files = (
			);
			runOnlyForDeploymentPostprocessing = 0;
		};
		/* End PBXFrameworksBuildPhase section */

		/* Begin PBXGroup section */
		001A2C00000004 /* SignVerse */ = {
			isa = PBXGroup;
			children = (
				001A2C00000005 /* App */,
				001A2C00000006 /* Views */,
				001A2C00000007 /* Models */,
				001A2C00000030 /* Vision */,
			);
			path = SignVerse;
			sourceTree = "<group>";
		};
		001A2C00000005 /* App */ = {
			isa = PBXGroup;
			children = (
				001A2C01000001 /* SignVerseApp.swift */,
				001A2C03000001 /* ContentView.swift */,
			);
			path = App;
			sourceTree = "<group>";
		};
		001A2C00000006 /* Views */ = {
			isa = PBXGroup;
			children = (
				001A2C05000001 /* BiometricConsentView.swift */,
				001A2C0B000001 /* CameraView.swift */,
				001A2C0D000001 /* VideoPlayerView.swift */,
				001A2C0F000001 /* PracticeView.swift */,
			);
			path = Views;
			sourceTree = "<group>";
		};
		001A2C00000007 /* Models */ = {
			isa = PBXGroup;
			children = (
				001A2C07000001 /* ConsentManager.swift */,
			);
			path = Models;
			sourceTree = "<group>";
		};
		001A2C00000030 /* Vision */ = {
			isa = PBXGroup;
			children = (
				001A2C09000001 /* HandPoseDetector.swift */,
			);
			path = Vision;
			sourceTree = "<group>";
		};
		001A2C00000008 /* Products */ = {
			isa = PBXGroup;
			children = (
				001A2C00000002 /* SignVerse.app */,
			);
			name = Products;
			sourceTree = "<group>";
		};
		001A2C00000009 /* Root */ = {
			isa = PBXGroup;
			children = (
				001A2C00000004 /* SignVerse */,
				001A2C00000008 /* Products */,
			);
			sourceTree = "<group>";
		};
		/* End PBXGroup section */

		/* Begin PBXNativeTarget section */
		001A2C00000010 /* SignVerse */ = {
			isa = PBXNativeTarget;
			buildConfigurationList = 001A2C00000011 /* Build configuration list for PBXNativeTarget "SignVerse" */;
			buildPhases = (
				001A2C00000012 /* Sources */,
				001A2C00000003 /* Frameworks */,
			);
			buildRules = (
			);
			dependencies = (
			);
			name = SignVerse;
			productName = SignVerse;
			productReference = 001A2C00000002 /* SignVerse.app */;
			productType = "com.apple.product-type.application";
		};
		/* End PBXNativeTarget section */

		/* Begin PBXProject section */
		001A2C00000020 /* Project object */ = {
			isa = PBXProject;
			attributes = {
				BuildIndependentTargetsInParallel = 1;
				LastSwiftUpdateCheck = 1600;
				LastUpgradeCheck = 1600;
				TargetAttributes = {
					001A2C00000010 = {
						CreatedOnToolsVersion = 16.0;
					};
				};
			};
			buildConfigurationList = 001A2C00000021 /* Build configuration list for PBXProject "SignVerse" */;
			compatibilityVersion = "Xcode 15.0";
			developmentRegion = en;
			hasScannedForEncodings = 0;
			knownRegions = (
				en,
				Base,
			);
			mainGroup = 001A2C00000009 /* Root */;
			projectDirPath = "";
			projectRoot = "";
			targets = (
				001A2C00000010 /* SignVerse */,
			);
		};
		/* End PBXProject section */

		/* Begin PBXSourcesBuildPhase section */
		001A2C00000012 /* Sources */ = {
			isa = PBXSourcesBuildPhase;
			buildActionMask = 2147483647;
			files = (
				001A2C00000001 /* SignVerseApp.swift in Sources */,
				001A2C02000001 /* ContentView.swift in Sources */,
				001A2C04000001 /* BiometricConsentView.swift in Sources */,
				001A2C06000001 /* ConsentManager.swift in Sources */,
				001A2C08000001 /* HandPoseDetector.swift in Sources */,
				001A2C0A000001 /* CameraView.swift in Sources */,
				001A2C0C000001 /* VideoPlayerView.swift in Sources */,
				001A2C0E000001 /* PracticeView.swift in Sources */,
			);
			runOnlyForDeploymentPostprocessing = 0;
		};
		/* End PBXSourcesBuildPhase section */

		/* Begin XCBuildConfiguration section */
		001A2C00000022 /* Debug */ = {
			isa = XCBuildConfiguration;
			buildSettings = {
				ALWAYS_SEARCH_USER_PATHS = NO;
				CLANG_ANALYZER_NONNULL = YES;
				CLANG_ANALYZER_NUMBER_OBJECT_CONVERSION = YES_AGGRESSIVE;
				CLANG_CXX_LANGUAGE_DIALECT = "c++20";
				CLANG_CXX_LIBRARY = "libc++";
				CLANG_ENABLE_MODULES = YES;
				CLANG_ENABLE_OBJC_ARC = YES;
				CLANG_WARN_BLOCK_CAPTURE_AUTORELEASING = YES;
				CLANG_WARN_BOOL_CONVERSION = YES;
				CLANG_WARN_COMMA = YES;
				CLANG_WARN_CONSTANT_CONVERSION = YES;
				CLANG_WARN_DEPRECATED_OBJC_IMPLEMENTATIONS = YES;
				CLANG_WARN_DIRECT_OBJC_ISA_USAGE = YES_ERROR;
				CLANG_WARN_DOCUMENTATION_COMMENTS = YES;
				CLANG_WARN_EMPTY_BODY = YES;
				CLANG_WARN_ENUM_CONVERSION = YES;
				CLANG_WARN_INFINITE_RECURSION = YES;
				CLANG_WARN_INT_CONVERSION = YES;
				CLANG_WARN_NON_LITERAL_NULL_CONVERSION = YES;
				CLANG_WARN_OBJC_IMPLICIT_RETAIN_SELF = YES;
				CLANG_WARN_OBJC_LITERAL_CONVERSION = YES;
				CLANG_WARN_OBJC_ROOT_CLASS = YES_ERROR;
				CLANG_WARN_QUOTED_INCLUDE_IN_FRAMEWORK_HEADER = YES;
				CLANG_WARN_RANGE_LOOP_ANALYSIS = YES;
				CLANG_WARN_STRICT_PROTOTYPES = YES;
				CLANG_WARN_SUSPICIOUS_MOVE = YES;
				CLANG_WARN_UNGUARDED_AVAILABILITY = YES_AGGRESSIVE;
				CLANG_WARN_UNREACHABLE_CODE = YES;
				CLANG_WARN__DUPLICATE_METHOD_MATCH = YES;
				COPY_PHASE_STRIP = NO;
				DEBUG_INFORMATION_FORMAT = dwarf;
				ENABLE_STRICT_OBJC_MSGSEND = YES;
				ENABLE_TESTABILITY = YES;
				GCC_C_LANGUAGE_DIALECT = gnu99;
				GCC_DYNAMIC_NO_PIC = NO;
				GCC_NO_COMMON_BLOCKS = YES;
				GCC_OPTIMIZATION_LEVEL = 0;
				GCC_PREPROCESSOR_DEFINITIONS = (
					"DEBUG=1",
					"$(inherited)",
				);
				GCC_WARN_64_TO_32_BIT_CONVERSION = YES;
				GCC_WARN_ABOUT_RETURN_TYPE = YES_ERROR;
				GCC_WARN_UNDECLARED_SELECTOR = YES;
				GCC_WARN_UNINITIALIZED_AUTOS = YES_AGGRESSIVE;
				GCC_WARN_UNUSED_FUNCTION = YES;
				GCC_WARN_UNUSED_VARIABLE = YES;
				IPHONEOS_DEPLOYMENT_TARGET = 17.0;
				MTL_ENABLE_DEBUG_INFO = INCLUDE_SOURCE;
				MTL_FAST_MATH = YES;
				ONLY_ACTIVE_ARCH = YES;
				SDKROOT = iphoneos;
				SWIFT_ACTIVE_COMPILATION_CONDITIONS = DEBUG;
				SWIFT_OPTIMIZATION_LEVEL = "-Onone";
				SWIFT_VERSION = 5.9;
			};
			name = Debug;
		};
		001A2C00000023 /* Release */ = {
			isa = XCBuildConfiguration;
			buildSettings = {
				ALWAYS_SEARCH_USER_PATHS = NO;
				CLANG_ANALYZER_NONNULL = YES;
				CLANG_ANALYZER_NUMBER_OBJECT_CONVERSION = YES_AGGRESSIVE;
				CLANG_CXX_LANGUAGE_DIALECT = "c++20";
				CLANG_CXX_LIBRARY = "libc++";
				CLANG_ENABLE_MODULES = YES;
				CLANG_ENABLE_OBJC_ARC = YES;
				CLANG_WARN_BLOCK_CAPTURE_AUTORELEASING = YES;
				CLANG_WARN_BOOL_CONVERSION = YES;
				CLANG_WARN_COMMA = YES;
				CLANG_WARN_CONSTANT_CONVERSION = YES;
				CLANG_WARN_DEPRECATED_OBJC_IMPLEMENTATIONS = YES;
				CLANG_WARN_DIRECT_OBJC_ISA_USAGE = YES_ERROR;
				CLANG_WARN_DOCUMENTATION_COMMENTS = YES;
				CLANG_WARN_EMPTY_BODY = YES;
				CLANG_WARN_ENUM_CONVERSION = YES;
				CLANG_WARN_INFINITE_RECURSION = YES;
				CLANG_WARN_INT_CONVERSION = YES;
				CLANG_WARN_NON_LITERAL_NULL_CONVERSION = YES;
				CLANG_WARN_OBJC_IMPLICIT_RETAIN_SELF = YES;
				CLANG_WARN_OBJC_LITERAL_CONVERSION = YES;
				CLANG_WARN_OBJC_ROOT_CLASS = YES_ERROR;
				CLANG_WARN_QUOTED_INCLUDE_IN_FRAMEWORK_HEADER = YES;
				CLANG_WARN_RANGE_LOOP_ANALYSIS = YES;
				CLANG_WARN_STRICT_PROTOTYPES = YES;
				CLANG_WARN_SUSPICIOUS_MOVE = YES;
				CLANG_WARN_UNGUARDED_AVAILABILITY = YES_AGGRESSIVE;
				CLANG_WARN_UNREACHABLE_CODE = YES;
				CLANG_WARN__DUPLICATE_METHOD_MATCH = YES;
				COPY_PHASE_STRIP = NO;
				DEBUG_INFORMATION_FORMAT = "dwarf-with-dsym";
				ENABLE_NS_ASSERTIONS = NO;
				ENABLE_STRICT_OBJC_MSGSEND = YES;
				GCC_C_LANGUAGE_DIALECT = gnu99;
				GCC_NO_COMMON_BLOCKS = YES;
				GCC_OPTIMIZATION_LEVEL = fast;
				GCC_WARN_64_TO_32_BIT_CONVERSION = YES;
				GCC_WARN_ABOUT_RETURN_TYPE = YES_ERROR;
				GCC_WARN_UNDECLARED_SELECTOR = YES;
				GCC_WARN_UNINITIALIZED_AUTOS = YES_AGGRESSIVE;
				GCC_WARN_UNUSED_FUNCTION = YES;
				GCC_WARN_UNUSED_VARIABLE = YES;
				IPHONEOS_DEPLOYMENT_TARGET = 17.0;
				MTL_ENABLE_DEBUG_INFO = NO;
				MTL_FAST_MATH = YES;
				SDKROOT = iphoneos;
				SWIFT_COMPILATION_MODE = wholemodule;
				SWIFT_OPTIMIZATION_LEVEL = "-O";
				SWIFT_VERSION = 5.9;
				VALIDATE_PRODUCT = YES;
			};
			name = Release;
		};
		001A2C00000024 /* Debug */ = {
			isa = XCBuildConfiguration;
			buildSettings = {
				ASSETCATALOG_COMPILER_APPICON_NAME = AppIcon;
				ASSETCATALOG_COMPILER_GLOBAL_ACCENT_COLOR_NAME = AccentColor;
				BUNDLE_IDENTIFIER = com.signverse.app;
				CODE_SIGN_STYLE = Automatic;
				CURRENT_PROJECT_VERSION = 1;
				DEVELOPMENT_TEAM = "";
				GENERATE_INFOPLIST_FILE = YES;
				INFOPLIST_KEY_NSCameraUsageDescription = "SignVerse needs camera access to track your hand movements and help you learn sign language.";
				INFOPLIST_KEY_UIApplicationSceneManifestType = UIApplicationSupportsMultipleScenes;
				INFOPLIST_KEY_UIApplicationSupportsIndirectInputEvents = YES;
				INFOPLIST_KEY_UILaunchScreen_Generation = YES;
				INFOPLIST_KEY_UISupportedInterfaceOrientations_iPad = "UIInterfaceOrientationPortrait UIInterfaceOrientationPortraitUpsideDown UIInterfaceOrientationLandscapeLeft UIInterfaceOrientationLandscapeRight";
				INFOPLIST_KEY_UISupportedInterfaceOrientations_iPhone = "UIInterfaceOrientationPortrait UIInterfaceOrientationLandscapeLeft UIInterfaceOrientationLandscapeRight";
				IPHONEOS_DEPLOYMENT_TARGET = 17.0;
				LD_RUNPATH_SEARCH_PATHS = (
					"$(inherited)",
					"@executable_path/Frameworks",
				);
				MARKETING_VERSION = 1.0;
				PRODUCT_BUNDLE_IDENTIFIER = com.signverse.app;
				PRODUCT_NAME = "$(TARGET_NAME)";
				SWIFT_EMIT_LOC_STRINGS = YES;
				SWIFT_VERSION = 5.9;
				TARGETED_DEVICE_FAMILY = "1,2";
			};
			name = Debug;
		};
		001A2C00000025 /* Release */ = {
			isa = XCBuildConfiguration;
			buildSettings = {
				ASSETCATALOG_COMPILER_APPICON_NAME = AppIcon;
				ASSETCATALOG_COMPILER_GLOBAL_ACCENT_COLOR_NAME = AccentColor;
				BUNDLE_IDENTIFIER = com.signverse.app;
				CODE_SIGN_STYLE = Automatic;
				CURRENT_PROJECT_VERSION = 1;
				DEVELOPMENT_TEAM = "";
				GENERATE_INFOPLIST_FILE = YES;
				INFOPLIST_KEY_NSCameraUsageDescription = "SignVerse needs camera access to track your hand movements and help you learn sign language.";
				INFOPLIST_KEY_UIApplicationSceneManifestType = UIApplicationSupportsMultipleScenes;
				INFOPLIST_KEY_UIApplicationSupportsIndirectInputEvents = YES;
				INFOPLIST_KEY_UILaunchScreen_Generation = YES;
				INFOPLIST_KEY_UISupportedInterfaceOrientations_iPad = "UIInterfaceOrientationPortrait UIInterfaceOrientationPortraitUpsideDown UIInterfaceOrientationLandscapeLeft UIInterfaceOrientationLandscapeRight";
				INFOPLIST_KEY_UISupportedInterfaceOrientations_iPhone = "UIInterfaceOrientationPortrait UIInterfaceOrientationLandscapeLeft UIInterfaceOrientationLandscapeRight";
				IPHONEOS_DEPLOYMENT_TARGET = 17.0;
				LD_RUNPATH_SEARCH_PATHS = (
					"$(inherited)",
					"@executable_path/Frameworks",
				);
				MARKETING_VERSION = 1.0;
				PRODUCT_BUNDLE_IDENTIFIER = com.signverse.app;
				PRODUCT_NAME = "$(TARGET_NAME)";
				SWIFT_EMIT_LOC_STRINGS = YES;
				SWIFT_VERSION = 5.9;
				TARGETED_DEVICE_FAMILY = "1,2";
			};
			name = Release;
		};
		/* End XCBuildConfiguration section */

		/* Begin XCConfigurationList section */
		001A2C00000021 /* Build configuration list for PBXProject "SignVerse" */ = {
			isa = XCConfigurationList;
			buildConfigurations = (
				001A2C00000022 /* Debug */,
				001A2C00000023 /* Release */,
			);
			defaultConfigurationIsVisible = 0;
			defaultConfigurationName = Release;
		};
		001A2C00000011 /* Build configuration list for PBXNativeTarget "SignVerse" */ = {
			isa = XCConfigurationList;
			buildConfigurations = (
				001A2C00000024 /* Debug */,
				001A2C00000025 /* Release */,
			);
			defaultConfigurationIsVisible = 0;
			defaultConfigurationName = Release;
		};
		/* End XCConfigurationList section */
	};
	rootObject = 001A2C00000020 /* Project object */;
}
